
Microsoft Visual Studio Solution File, Format Version 10.00
# Visual Studio 2008
Project("{FAE04EC0-301F-11D3-BF4B-00C04F79EFBC}") = "DMPS4K150", "DMPS4K150\DMPS4K150.csproj", "{455751FB-5763-4C38-9B02-9C3DC092FE62}"
EndProject
Project("{FAE04EC0-301F-11D3-BF4B-00C04F79EFBC}") = "USBPorts", "..\Libraries\USBPorts\USBPorts.csproj", "{3C345C7E-6295-44E8-A524-BEE3C613D7FE}"
EndProject
Project("{FAE04EC0-301F-11D3-BF4B-00C04F79EFBC}") = "IOPorts", "..\Libraries\IOPorts\IOPorts.csproj", "{F61BFE87-AB86-4E9A-B231-B44875BD7083}"
EndProject
Project("{FAE04EC0-301F-11D3-BF4B-00C04F79EFBC}") = "Serial_Drivers", "..\Libraries\SerialDrivers\Serial_Drivers.csproj", "{B6EC0A6F-E728-411A-83D2-AF68DCA83C80}"
EndProject
Project("{FAE04EC0-301F-11D3-BF4B-00C04F79EFBC}") = "System_Monitors", "..\Libraries\System_Monitors\System_Monitors.csproj", "{7134A9FA-4C35-445D-ABD4-F44B8DE0A2CB}"
EndProject
Project("{FAE04EC0-301F-11D3-BF4B-00C04F79EFBC}") = "DMReceivers", "..\Libraries\DMReceivers\DMReceivers.csproj", "{90F83465-DE85-4226-97ED-6217F73F9948}"
EndProject
Project("{FAE04EC0-301F-11D3-BF4B-00C04F79EFBC}") = "CECDevices", "..\Libraries\CECDevice\CECDevices.csproj", "{AC5FCAF3-2B0C-4B5D-8F26-9449D8633040}"
EndProject
Project("{FAE04EC0-301F-11D3-BF4B-00C04F79EFBC}") = "Relays", "..\Libraries\Relays\Relays.csproj", "{2535362A-D53F-44CA-96E4-81C2A4DA19C1}"
EndProject
Project("{FAE04EC0-301F-11D3-BF4B-00C04F79EFBC}") = "ConnectItDevices", "..\Libraries\ConnectItDevices\ConnectItDevices.csproj", "{D42F7320-C4D8-4BDC-AF36-D96E4837E0D4}"
EndProject
Project("{FAE04EC0-301F-11D3-BF4B-00C04F79EFBC}") = "DMTransmitters", "..\Libraries\DMTransmitters\DMTransmitters.csproj", "{993C402B-B858-4B9C-98D5-5270353460BF}"
EndProject
Project("{FAE04EC0-301F-11D3-BF4B-00C04F79EFBC}") = "HDCPSupport", "..\Libraries\HDCPSupport\HDCPSupport.csproj", "{85C05F58-95B3-4B8D-8E47-9158FBF205E4}"
EndProject
Global
	GlobalSection(SolutionConfigurationPlatforms) = preSolution
		Debug|Any CPU = Debug|Any CPU
		Release|Any CPU = Release|Any CPU
	EndGlobalSection
	GlobalSection(ProjectConfigurationPlatforms) = postSolution
		{455751FB-5763-4C38-9B02-9C3DC092FE62}.Debug|Any CPU.ActiveCfg = Debug|Any CPU
		{455751FB-5763-4C38-9B02-9C3DC092FE62}.Debug|Any CPU.Build.0 = Debug|Any CPU
		{455751FB-5763-4C38-9B02-9C3DC092FE62}.Release|Any CPU.ActiveCfg = Release|Any CPU
		{455751FB-5763-4C38-9B02-9C3DC092FE62}.Release|Any CPU.Build.0 = Release|Any CPU
		{3C345C7E-6295-44E8-A524-BEE3C613D7FE}.Debug|Any CPU.ActiveCfg = Debug|Any CPU
		{3C345C7E-6295-44E8-A524-BEE3C613D7FE}.Debug|Any CPU.Build.0 = Debug|Any CPU
		{3C345C7E-6295-44E8-A524-BEE3C613D7FE}.Release|Any CPU.ActiveCfg = Release|Any CPU
		{3C345C7E-6295-44E8-A524-BEE3C613D7FE}.Release|Any CPU.Build.0 = Release|Any CPU
		{F61BFE87-AB86-4E9A-B231-B44875BD7083}.Debug|Any CPU.ActiveCfg = Debug|Any CPU
		{F61BFE87-AB86-4E9A-B231-B44875BD7083}.Debug|Any CPU.Build.0 = Debug|Any CPU
		{F61BFE87-AB86-4E9A-B231-B44875BD7083}.Release|Any CPU.ActiveCfg = Release|Any CPU
		{F61BFE87-AB86-4E9A-B231-B44875BD7083}.Release|Any CPU.Build.0 = Release|Any CPU
		{B6EC0A6F-E728-411A-83D2-AF68DCA83C80}.Debug|Any CPU.ActiveCfg = Debug|Any CPU
		{B6EC0A6F-E728-411A-83D2-AF68DCA83C80}.Debug|Any CPU.Build.0 = Debug|Any CPU
		{B6EC0A6F-E728-411A-83D2-AF68DCA83C80}.Release|Any CPU.ActiveCfg = Release|Any CPU
		{B6EC0A6F-E728-411A-83D2-AF68DCA83C80}.Release|Any CPU.Build.0 = Release|Any CPU
		{7134A9FA-4C35-445D-ABD4-F44B8DE0A2CB}.Debug|Any CPU.ActiveCfg = Debug|Any CPU
		{7134A9FA-4C35-445D-ABD4-F44B8DE0A2CB}.Debug|Any CPU.Build.0 = Debug|Any CPU
		{7134A9FA-4C35-445D-ABD4-F44B8DE0A2CB}.Release|Any CPU.ActiveCfg = Release|Any CPU
		{7134A9FA-4C35-445D-ABD4-F44B8DE0A2CB}.Release|Any CPU.Build.0 = Release|Any CPU
		{90F83465-DE85-4226-97ED-6217F73F9948}.Debug|Any CPU.ActiveCfg = Debug|Any CPU
		{90F83465-DE85-4226-97ED-6217F73F9948}.Debug|Any CPU.Build.0 = Debug|Any CPU
		{90F83465-DE85-4226-97ED-6217F73F9948}.Release|Any CPU.ActiveCfg = Release|Any CPU
		{90F83465-DE85-4226-97ED-6217F73F9948}.Release|Any CPU.Build.0 = Release|Any CPU
		{AC5FCAF3-2B0C-4B5D-8F26-9449D8633040}.Debug|Any CPU.ActiveCfg = Debug|Any CPU
		{AC5FCAF3-2B0C-4B5D-8F26-9449D8633040}.Debug|Any CPU.Build.0 = Debug|Any CPU
		{AC5FCAF3-2B0C-4B5D-8F26-9449D8633040}.Release|Any CPU.ActiveCfg = Release|Any CPU
		{AC5FCAF3-2B0C-4B5D-8F26-9449D8633040}.Release|Any CPU.Build.0 = Release|Any CPU
		{2535362A-D53F-44CA-96E4-81C2A4DA19C1}.Debug|Any CPU.ActiveCfg = Debug|Any CPU
		{2535362A-D53F-44CA-96E4-81C2A4DA19C1}.Debug|Any CPU.Build.0 = Debug|Any CPU
		{2535362A-D53F-44CA-96E4-81C2A4DA19C1}.Release|Any CPU.ActiveCfg = Release|Any CPU
		{2535362A-D53F-44CA-96E4-81C2A4DA19C1}.Release|Any CPU.Build.0 = Release|Any CPU
		{D42F7320-C4D8-4BDC-AF36-D96E4837E0D4}.Debug|Any CPU.ActiveCfg = Debug|Any CPU
		{D42F7320-C4D8-4BDC-AF36-D96E4837E0D4}.Debug|Any CPU.Build.0 = Debug|Any CPU
		{D42F7320-C4D8-4BDC-AF36-D96E4837E0D4}.Release|Any CPU.ActiveCfg = Release|Any CPU
		{D42F7320-C4D8-4BDC-AF36-D96E4837E0D4}.Release|Any CPU.Build.0 = Release|Any CPU
		{993C402B-B858-4B9C-98D5-5270353460BF}.Debug|Any CPU.ActiveCfg = Debug|Any CPU
		{993C402B-B858-4B9C-98D5-5270353460BF}.Debug|Any CPU.Build.0 = Debug|Any CPU
		{993C402B-B858-4B9C-98D5-5270353460BF}.Release|Any CPU.ActiveCfg = Release|Any CPU
		{993C402B-B858-4B9C-98D5-5270353460BF}.Release|Any CPU.Build.0 = Release|Any CPU
		{85C05F58-95B3-4B8D-8E47-9158FBF205E4}.Debug|Any CPU.ActiveCfg = Debug|Any CPU
		{85C05F58-95B3-4B8D-8E47-9158FBF205E4}.Debug|Any CPU.Build.0 = Debug|Any CPU
		{85C05F58-95B3-4B8D-8E47-9158FBF205E4}.Release|Any CPU.ActiveCfg = Release|Any CPU
		{85C05F58-95B3-4B8D-8E47-9158FBF205E4}.Release|Any CPU.Build.0 = Release|Any CPU
	EndGlobalSection
	GlobalSection(SolutionProperties) = preSolution
		HideSolutionNode = FALSE
	EndGlobalSection
EndGlobal
